<?xml version="1.0" encoding="utf-8"?>
<Project ToolsVersion="4.0" xmlns="http://schemas.microsoft.com/developer/msbuild/2003">
  <ItemGroup>
    <Filter Include="Source Files">
      <UniqueIdentifier>{4FC737F1-C7A5-4376-A066-2A32D752A2FF}</UniqueIdentifier>
      <Extensions>cpp;c;cc;cxx;def;odl;idl;hpj;bat;asm;asmx</Extensions>
    </Filter>
    <Filter Include="Header Files">
      <UniqueIdentifier>{93995380-89BD-4b04-88EB-625FBE52EBFB}</UniqueIdentifier>
      <Extensions>h;hpp;hxx;hm;inl;inc;xsd</Extensions>
    </Filter>
    <Filter Include="Resource Files">
      <UniqueIdentifier>{67DA6AB6-F800-4c08-8B7A-83BB121AAD01}</UniqueIdentifier>
      <Extensions>rc;ico;cur;bmp;dlg;rc2;rct;bin;rgs;gif;jpg;jpeg;jpe;resx;tiff;tif;png;wav;mfcribbon-ms</Extensions>
    </Filter>
  </ItemGroup>
  <ItemGroup>
    <None Include="ReadMe.txt" />
  </ItemGroup>
  <ItemGroup>
    <ClCompile Include="main.cpp">
      <Filter>Source Files</Filter>
    </ClCompile>
    <ClCompile Include="ER_ModelTest.cpp">
      <Filter>Source Files</Filter>
    </ClCompile>
    <ClCompile Include="..\POSD_ERDiagram\Tool_Function.cpp">
      <Filter>Resource Files</Filter>
    </ClCompile>
    <ClCompile Include="..\POSD_ERDiagram\ER_AddCommand.cpp">
      <Filter>Resource Files</Filter>
    </ClCompile>
    <ClCompile Include="..\POSD_ERDiagram\ER_Command.cpp">
      <Filter>Resource Files</Filter>
    </ClCompile>
    <ClCompile Include="..\POSD_ERDiagram\ER_CommandManager.cpp">
      <Filter>Resource Files</Filter>
    </ClCompile>
    <ClCompile Include="..\POSD_ERDiagram\ER_ComponentFactory.cpp">
      <Filter>Resource Files</Filter>
    </ClCompile>
    <ClCompile Include="..\POSD_ERDiagram\ER_ConnectCommand.cpp">
      <Filter>Resource Files</Filter>
    </ClCompile>
    <ClCompile Include="..\POSD_ERDiagram\ER_DeleteCommand.cpp">
      <Filter>Resource Files</Filter>
    </ClCompile>
    <ClCompile Include="..\POSD_ERDiagram\ER_FileManager.cpp">
      <Filter>Resource Files</Filter>
    </ClCompile>
    <ClCompile Include="..\POSD_ERDiagram\ER_Model.cpp">
      <Filter>Resource Files</Filter>
    </ClCompile>
    <ClCompile Include="..\POSD_ERDiagram\ER_PresentationModel.cpp">
      <Filter>Resource Files</Filter>
    </ClCompile>
    <ClCompile Include="..\POSD_ERDiagram\ER_TextUI.cpp">
      <Filter>Resource Files</Filter>
    </ClCompile>
    <ClCompile Include="..\POSD_ERDiagram\ERD_Attribute.cpp">
      <Filter>Resource Files</Filter>
    </ClCompile>
    <ClCompile Include="..\POSD_ERDiagram\ERD_Component.cpp">
      <Filter>Resource Files</Filter>
    </ClCompile>
    <ClCompile Include="..\POSD_ERDiagram\ERD_Connection.cpp">
      <Filter>Resource Files</Filter>
    </ClCompile>
    <ClCompile Include="..\POSD_ERDiagram\ERD_Entity.cpp">
      <Filter>Resource Files</Filter>
    </ClCompile>
    <ClCompile Include="..\POSD_ERDiagram\ERD_Node.cpp">
      <Filter>Resource Files</Filter>
    </ClCompile>
    <ClCompile Include="..\POSD_ERDiagram\ERD_Relationship.cpp">
      <Filter>Resource Files</Filter>
    </ClCompile>
    <ClCompile Include="ER_AddCommandTest.cpp">
      <Filter>Source Files</Filter>
    </ClCompile>
    <ClCompile Include="ER_CommandManagerTest.cpp">
      <Filter>Source Files</Filter>
    </ClCompile>
    <ClCompile Include="ER_ComponentFactoryTest.cpp">
      <Filter>Source Files</Filter>
    </ClCompile>
    <ClCompile Include="ER_ConnectCommandTest.cpp">
      <Filter>Source Files</Filter>
    </ClCompile>
    <ClCompile Include="ER_DeleteCommandTest.cpp">
      <Filter>Source Files</Filter>
    </ClCompile>
    <ClCompile Include="ER_FileManagerTest.cpp">
      <Filter>Source Files</Filter>
    </ClCompile>
    <ClCompile Include="ERD_AttributeTest.cpp">
      <Filter>Source Files</Filter>
    </ClCompile>
    <ClCompile Include="ERD_EntityTest.cpp">
      <Filter>Source Files</Filter>
    </ClCompile>
    <ClCompile Include="ERD_RelationshipTest.cpp">
      <Filter>Source Files</Filter>
    </ClCompile>
    <ClCompile Include="ERD_ConnectionTest.cpp">
      <Filter>Source Files</Filter>
    </ClCompile>
    <ClCompile Include="ER_PresentationModelTest.cpp">
      <Filter>Source Files</Filter>
    </ClCompile>
    <ClCompile Include="ER_IntegrationTest.cpp">
      <Filter>Source Files</Filter>
    </ClCompile>
    <ClCompile Include="Tool_FunctionTest.cpp">
      <Filter>Source Files</Filter>
    </ClCompile>
    <ClCompile Include="..\POSD_ERDiagram\ER_EditTextCommand.cpp">
      <Filter>Resource Files</Filter>
    </ClCompile>
    <ClCompile Include="..\POSD_ERDiagram\ER_SetPrimaryKeyCommand.cpp">
      <Filter>Resource Files</Filter>
    </ClCompile>
    <ClCompile Include="..\POSD_ERDiagram\ER_Subject.cpp">
      <Filter>Resource Files</Filter>
    </ClCompile>
  </ItemGroup>
</Project>