
Microsoft Visual Studio Solution File, Format Version 11.00
# Visual Studio 2010
Project("{8BC9CEB8-8B4A-11D0-8D11-00A0C91BC942}") = "POSD_ERDiagram", "POSD_ERDiagram\POSD_ERDiagram.vcxproj", "{5B4D7847-A6F2-48DE-85CF-650B8328263F}"
EndProject
Project("{8BC9CEB8-8B4A-11D0-8D11-00A0C91BC942}") = "POSD_ERDiagram_UnitTesting", "POSD_ERDiagram_UnitTesting\POSD_ERDiagram_UnitTesting.vcxproj", "{55AEBAED-13A3-47D5-A71F-DDA7CC811016}"
EndProject
Global
	GlobalSection(SolutionConfigurationPlatforms) = preSolution
		Debug|Win32 = Debug|Win32
		Release|Win32 = Release|Win32
	EndGlobalSection
	GlobalSection(ProjectConfigurationPlatforms) = postSolution
		{5B4D7847-A6F2-48DE-85CF-650B8328263F}.Debug|Win32.ActiveCfg = Debug|Win32
		{5B4D7847-A6F2-48DE-85CF-650B8328263F}.Debug|Win32.Build.0 = Debug|Win32
		{5B4D7847-A6F2-48DE-85CF-650B8328263F}.Release|Win32.ActiveCfg = Release|Win32
		{5B4D7847-A6F2-48DE-85CF-650B8328263F}.Release|Win32.Build.0 = Release|Win32
		{55AEBAED-13A3-47D5-A71F-DDA7CC811016}.Debug|Win32.ActiveCfg = Debug|Win32
		{55AEBAED-13A3-47D5-A71F-DDA7CC811016}.Debug|Win32.Build.0 = Debug|Win32
		{55AEBAED-13A3-47D5-A71F-DDA7CC811016}.Release|Win32.ActiveCfg = Release|Win32
		{55AEBAED-13A3-47D5-A71F-DDA7CC811016}.Release|Win32.Build.0 = Release|Win32
	EndGlobalSection
	GlobalSection(SolutionProperties) = preSolution
		HideSolutionNode = FALSE
	EndGlobalSection
EndGlobal
