<?xml version="1.0" encoding="utf-8"?>
<Project ToolsVersion="4.0" xmlns="http://schemas.microsoft.com/developer/msbuild/2003">
  <ItemGroup>
    <Filter Include="Source Files">
      <UniqueIdentifier>{4FC737F1-C7A5-4376-A066-2A32D752A2FF}</UniqueIdentifier>
      <Extensions>cpp;cxx;c;def</Extensions>
    </Filter>
    <Filter Include="Header Files">
      <UniqueIdentifier>{93995380-89BD-4b04-88EB-625FBE52EBFB}</UniqueIdentifier>
      <Extensions>h</Extensions>
    </Filter>
    <Filter Include="Resource Files">
      <UniqueIdentifier>{D9D6E242-F8AF-46E4-B9FD-80ECBC20BA3E}</UniqueIdentifier>
      <Extensions>qrc;*</Extensions>
      <ParseFiles>false</ParseFiles>
    </Filter>
    <Filter Include="Generated Files">
      <UniqueIdentifier>{71ED8ED8-ACB9-4CE9-BBE1-E00B30144E11}</UniqueIdentifier>
      <Extensions>moc;h;cpp</Extensions>
      <SourceControlFiles>False</SourceControlFiles>
    </Filter>
    <Filter Include="Generated Files\Debug">
      <UniqueIdentifier>{7c2505db-19ca-455c-bade-cc973f18761d}</UniqueIdentifier>
      <Extensions>cpp;moc</Extensions>
      <SourceControlFiles>False</SourceControlFiles>
    </Filter>
    <Filter Include="Generated Files\Release">
      <UniqueIdentifier>{919041ef-0efe-4ef5-b350-6384d322d434}</UniqueIdentifier>
      <Extensions>cpp;moc</Extensions>
      <SourceControlFiles>False</SourceControlFiles>
    </Filter>
    <Filter Include="Source Files\Model">
      <UniqueIdentifier>{7d9518cf-3272-45b1-bc0c-56aabcbc06da}</UniqueIdentifier>
    </Filter>
    <Filter Include="Source Files\UI">
      <UniqueIdentifier>{ccc0b9f7-a0ee-4053-b349-16a3dd6f55cd}</UniqueIdentifier>
    </Filter>
    <Filter Include="Header Files\Model">
      <UniqueIdentifier>{5fa4dcc2-c7fd-42af-80a7-80c847957a79}</UniqueIdentifier>
    </Filter>
    <Filter Include="Header Files\UI">
      <UniqueIdentifier>{436c50b4-0f19-47b0-b601-a28a3509c86c}</UniqueIdentifier>
    </Filter>
    <Filter Include="Header Files\State">
      <UniqueIdentifier>{282e98a7-17ac-4312-bf0d-a0ed6fc76d08}</UniqueIdentifier>
    </Filter>
    <Filter Include="Source Files\State">
      <UniqueIdentifier>{e9f6cca3-9db0-4588-a0cd-dceba6144d05}</UniqueIdentifier>
    </Filter>
    <Filter Include="Source Files\Observer">
      <UniqueIdentifier>{60d7e7c2-ca3d-42f1-8d6e-88de484fd0ea}</UniqueIdentifier>
    </Filter>
    <Filter Include="Header Files\Observer">
      <UniqueIdentifier>{f7a4ebdd-420f-4e01-87d1-c8214e0a9137}</UniqueIdentifier>
    </Filter>
  </ItemGroup>
  <ItemGroup>
    <ClCompile Include="main.cpp">
      <Filter>Source Files</Filter>
    </ClCompile>
    <ClCompile Include="Tool_Function.cpp">
      <Filter>Source Files</Filter>
    </ClCompile>
    <ClCompile Include="GeneratedFiles\Debug\moc_ER_GUI.cpp">
      <Filter>Generated Files\Debug</Filter>
    </ClCompile>
    <ClCompile Include="GeneratedFiles\Release\moc_ER_GUI.cpp">
      <Filter>Generated Files\Release</Filter>
    </ClCompile>
    <ClCompile Include="GeneratedFiles\Debug\moc_ER_DiagramScene.cpp">
      <Filter>Generated Files\Debug</Filter>
    </ClCompile>
    <ClCompile Include="GeneratedFiles\Release\moc_ER_DiagramScene.cpp">
      <Filter>Generated Files\Release</Filter>
    </ClCompile>
    <ClCompile Include="ER_AddCommand.cpp">
      <Filter>Source Files\Model</Filter>
    </ClCompile>
    <ClCompile Include="ER_Command.cpp">
      <Filter>Source Files\Model</Filter>
    </ClCompile>
    <ClCompile Include="ER_CommandManager.cpp">
      <Filter>Source Files\Model</Filter>
    </ClCompile>
    <ClCompile Include="ER_ComponentFactory.cpp">
      <Filter>Source Files\Model</Filter>
    </ClCompile>
    <ClCompile Include="ER_ConnectCommand.cpp">
      <Filter>Source Files\Model</Filter>
    </ClCompile>
    <ClCompile Include="ER_DeleteCommand.cpp">
      <Filter>Source Files\Model</Filter>
    </ClCompile>
    <ClCompile Include="ER_FileManager.cpp">
      <Filter>Source Files\Model</Filter>
    </ClCompile>
    <ClCompile Include="ER_Model.cpp">
      <Filter>Source Files\Model</Filter>
    </ClCompile>
    <ClCompile Include="ER_PresentationModel.cpp">
      <Filter>Source Files\Model</Filter>
    </ClCompile>
    <ClCompile Include="ERD_Attribute.cpp">
      <Filter>Source Files\Model</Filter>
    </ClCompile>
    <ClCompile Include="ERD_Component.cpp">
      <Filter>Source Files\Model</Filter>
    </ClCompile>
    <ClCompile Include="ERD_Connection.cpp">
      <Filter>Source Files\Model</Filter>
    </ClCompile>
    <ClCompile Include="ERD_Entity.cpp">
      <Filter>Source Files\Model</Filter>
    </ClCompile>
    <ClCompile Include="ERD_Node.cpp">
      <Filter>Source Files\Model</Filter>
    </ClCompile>
    <ClCompile Include="ERD_Relationship.cpp">
      <Filter>Source Files\Model</Filter>
    </ClCompile>
    <ClCompile Include="ER_DiagramScene.cpp">
      <Filter>Source Files\UI</Filter>
    </ClCompile>
    <ClCompile Include="ER_GUI.cpp">
      <Filter>Source Files\UI</Filter>
    </ClCompile>
    <ClCompile Include="ER_TextUI.cpp">
      <Filter>Source Files\UI</Filter>
    </ClCompile>
    <ClCompile Include="ER_ItemEntity.cpp">
      <Filter>Source Files\UI</Filter>
    </ClCompile>
    <ClCompile Include="ER_ItemAttribute.cpp">
      <Filter>Source Files\UI</Filter>
    </ClCompile>
    <ClCompile Include="ER_ItemComponent.cpp">
      <Filter>Source Files\UI</Filter>
    </ClCompile>
    <ClCompile Include="ER_ItemRelationship.cpp">
      <Filter>Source Files\UI</Filter>
    </ClCompile>
    <ClCompile Include="ER_ItemConnection.cpp">
      <Filter>Source Files\UI</Filter>
    </ClCompile>
    <ClCompile Include="ER_ItemFactory.cpp">
      <Filter>Source Files\UI</Filter>
    </ClCompile>
    <ClCompile Include="ER_PositionManager.cpp">
      <Filter>Source Files\UI</Filter>
    </ClCompile>
    <ClCompile Include="ER_GUIState.cpp">
      <Filter>Source Files\State</Filter>
    </ClCompile>
    <ClCompile Include="ER_GUIPointerState.cpp">
      <Filter>Source Files\State</Filter>
    </ClCompile>
    <ClCompile Include="ER_GUIAddNodeState.cpp">
      <Filter>Source Files\State</Filter>
    </ClCompile>
    <ClCompile Include="ER_GUIConnecterState.cpp">
      <Filter>Source Files\State</Filter>
    </ClCompile>
    <ClCompile Include="ER_GUIAddAttributeState.cpp">
      <Filter>Source Files\State</Filter>
    </ClCompile>
    <ClCompile Include="ER_GUIAddEntityState.cpp">
      <Filter>Source Files\State</Filter>
    </ClCompile>
    <ClCompile Include="ER_GUIAddRelatiuonsipState.cpp">
      <Filter>Source Files\State</Filter>
    </ClCompile>
    <ClCompile Include="ER_GUISetPrimaryKeyState.cpp">
      <Filter>Source Files\State</Filter>
    </ClCompile>
    <ClCompile Include="ER_EditTextCommand.cpp">
      <Filter>Source Files\Model</Filter>
    </ClCompile>
    <ClCompile Include="ER_SetPrimaryKeyCommand.cpp">
      <Filter>Source Files\Model</Filter>
    </ClCompile>
    <ClCompile Include="ER_Subject.cpp">
      <Filter>Source Files\Observer</Filter>
    </ClCompile>
    <ClCompile Include="ER_Observer.cpp">
      <Filter>Source Files\Observer</Filter>
    </ClCompile>
    <ClCompile Include="GeneratedFiles\Debug\moc_ER_TableView.cpp">
      <Filter>Generated Files\Debug</Filter>
    </ClCompile>
    <ClCompile Include="GeneratedFiles\Release\moc_ER_TableView.cpp">
      <Filter>Generated Files\Release</Filter>
    </ClCompile>
    <ClCompile Include="ER_TableView.cpp">
      <Filter>Source Files\UI</Filter>
    </ClCompile>
    <ClCompile Include="ER_TableViewItem.cpp">
      <Filter>Source Files\UI</Filter>
    </ClCompile>
    <ClCompile Include="ER_TableViewModel.cpp">
      <Filter>Source Files\UI</Filter>
    </ClCompile>
    <ClCompile Include="ER_MoveCommand.cpp">
      <Filter>Source Files\Model</Filter>
    </ClCompile>
    <ClCompile Include="ER_MultipleDeleteCommand.cpp">
      <Filter>Source Files\Model</Filter>
    </ClCompile>
    <ClCompile Include="ER_PasteCommand.cpp">
      <Filter>Source Files\Model</Filter>
    </ClCompile>
    <ClCompile Include="ER_ComponentVisitor.cpp">
      <Filter>Source Files\Model</Filter>
    </ClCompile>
    <ClCompile Include="ER_SaveComponentVisitor.cpp">
      <Filter>Source Files\Model</Filter>
    </ClCompile>
    <ClCompile Include="ER_SaveXmlComponentVisitor.cpp">
      <Filter>Source Files\Model</Filter>
    </ClCompile>
    <ClCompile Include="ER_TextView.cpp">
      <Filter>Source Files</Filter>
    </ClCompile>
  </ItemGroup>
  <ItemGroup>
    <ClInclude Include="Tool_Function.h">
      <Filter>Header Files</Filter>
    </ClInclude>
    <ClInclude Include="ER_AddCommand.h">
      <Filter>Header Files\Model</Filter>
    </ClInclude>
    <ClInclude Include="ER_DeleteCommand.h">
      <Filter>Header Files\Model</Filter>
    </ClInclude>
    <ClInclude Include="ER_Command.h">
      <Filter>Header Files\Model</Filter>
    </ClInclude>
    <ClInclude Include="ER_CommandManager.h">
      <Filter>Header Files\Model</Filter>
    </ClInclude>
    <ClInclude Include="ER_ComponentFactory.h">
      <Filter>Header Files\Model</Filter>
    </ClInclude>
    <ClInclude Include="ER_ConnectCommand.h">
      <Filter>Header Files\Model</Filter>
    </ClInclude>
    <ClInclude Include="ER_FileManager.h">
      <Filter>Header Files\Model</Filter>
    </ClInclude>
    <ClInclude Include="ER_Model.h">
      <Filter>Header Files\Model</Filter>
    </ClInclude>
    <ClInclude Include="ER_PresentationModel.h">
      <Filter>Header Files\Model</Filter>
    </ClInclude>
    <ClInclude Include="ERD_Attribute.h">
      <Filter>Header Files\Model</Filter>
    </ClInclude>
    <ClInclude Include="ERD_Relationship.h">
      <Filter>Header Files\Model</Filter>
    </ClInclude>
    <ClInclude Include="ERD_Component.h">
      <Filter>Header Files\Model</Filter>
    </ClInclude>
    <ClInclude Include="ERD_Connection.h">
      <Filter>Header Files\Model</Filter>
    </ClInclude>
    <ClInclude Include="ERD_Entity.h">
      <Filter>Header Files\Model</Filter>
    </ClInclude>
    <ClInclude Include="ERD_Node.h">
      <Filter>Header Files\Model</Filter>
    </ClInclude>
    <ClInclude Include="ER_TextUI.h">
      <Filter>Header Files\UI</Filter>
    </ClInclude>
    <ClInclude Include="ER_ItemEntity.h">
      <Filter>Header Files\UI</Filter>
    </ClInclude>
    <ClInclude Include="ER_ItemAttribute.h">
      <Filter>Header Files\UI</Filter>
    </ClInclude>
    <ClInclude Include="ER_ItemComponent.h">
      <Filter>Header Files\UI</Filter>
    </ClInclude>
    <ClInclude Include="ER_ItemRelationship.h">
      <Filter>Header Files\UI</Filter>
    </ClInclude>
    <ClInclude Include="ER_ItemConnection.h">
      <Filter>Header Files\UI</Filter>
    </ClInclude>
    <ClInclude Include="ER_ItemFactory.h">
      <Filter>Header Files\UI</Filter>
    </ClInclude>
    <ClInclude Include="ER_PositionManager.h">
      <Filter>Header Files\UI</Filter>
    </ClInclude>
    <ClInclude Include="ER_GUIPointerState.h">
      <Filter>Header Files\State</Filter>
    </ClInclude>
    <ClInclude Include="ER_GUIState.h">
      <Filter>Header Files\State</Filter>
    </ClInclude>
    <ClInclude Include="ER_GUIAddNodeState.h">
      <Filter>Header Files\State</Filter>
    </ClInclude>
    <ClInclude Include="ER_GUIConnecterState.h">
      <Filter>Header Files\State</Filter>
    </ClInclude>
    <ClInclude Include="ER_GUIAddAttributeState.h">
      <Filter>Header Files\State</Filter>
    </ClInclude>
    <ClInclude Include="ER_GUIAddEntityState.h">
      <Filter>Header Files\State</Filter>
    </ClInclude>
    <ClInclude Include="ER_GUIAddRelatiuonshipState.h">
      <Filter>Header Files\State</Filter>
    </ClInclude>
    <ClInclude Include="ER_GUISetPrimaryKeyState.h">
      <Filter>Header Files\State</Filter>
    </ClInclude>
    <ClInclude Include="ER_EditTextCommand.h">
      <Filter>Header Files\Model</Filter>
    </ClInclude>
    <ClInclude Include="ER_SetPrimaryKeyCommand.h">
      <Filter>Header Files\Model</Filter>
    </ClInclude>
    <ClInclude Include="ER_Observer.h">
      <Filter>Header Files\Observer</Filter>
    </ClInclude>
    <ClInclude Include="ER_Subject.h">
      <Filter>Header Files\Observer</Filter>
    </ClInclude>
    <ClInclude Include="ER_TableViewItem.h">
      <Filter>Header Files\UI</Filter>
    </ClInclude>
    <ClInclude Include="ER_TableViewModel.h">
      <Filter>Header Files\UI</Filter>
    </ClInclude>
    <ClInclude Include="ER_MoveCommand.h">
      <Filter>Header Files\Model</Filter>
    </ClInclude>
    <ClInclude Include="ER_MultipleDeleteCommand.h">
      <Filter>Header Files\Model</Filter>
    </ClInclude>
    <ClInclude Include="ER_PasteCommand.h">
      <Filter>Header Files\Model</Filter>
    </ClInclude>
    <ClInclude Include="ER_ComponentVisitor.h">
      <Filter>Header Files\Model</Filter>
    </ClInclude>
    <ClInclude Include="ER_SaveComponentVisitor.h">
      <Filter>Header Files\Model</Filter>
    </ClInclude>
    <ClInclude Include="ER_SaveXmlComponentVisitor.h">
      <Filter>Header Files\Model</Filter>
    </ClInclude>
    <ClInclude Include="ER_TextView.h">
      <Filter>Header Files</Filter>
    </ClInclude>
  </ItemGroup>
  <ItemGroup>
    <CustomBuild Include="ER_DiagramScene.h">
      <Filter>Header Files\UI</Filter>
    </CustomBuild>
    <CustomBuild Include="ER_GUI.h">
      <Filter>Header Files\UI</Filter>
    </CustomBuild>
    <CustomBuild Include="ER_TableView.h">
      <Filter>Header Files\UI</Filter>
    </CustomBuild>
  </ItemGroup>
  <ItemGroup>
    <None Include="Images\exit.png">
      <Filter>Resource Files</Filter>
    </None>
    <None Include="Images\folder.png">
      <Filter>Resource Files</Filter>
    </None>
    <None Include="Images\attribute.png">
      <Filter>Resource Files</Filter>
    </None>
    <None Include="Images\entity.png">
      <Filter>Resource Files</Filter>
    </None>
    <None Include="Images\linepointer.png">
      <Filter>Resource Files</Filter>
    </None>
    <None Include="Images\pointer.png">
      <Filter>Resource Files</Filter>
    </None>
    <None Include="Images\relationship.png">
      <Filter>Resource Files</Filter>
    </None>
    <None Include="Images\copy.png">
      <Filter>Resource Files</Filter>
    </None>
    <None Include="Images\cut.png">
      <Filter>Resource Files</Filter>
    </None>
    <None Include="Images\paste.png">
      <Filter>Resource Files</Filter>
    </None>
    <None Include="Images\delete.png">
      <Filter>Resource Files</Filter>
    </None>
    <None Include="Images\key.png">
      <Filter>Resource Files</Filter>
    </None>
    <None Include="Images\redo.png">
      <Filter>Resource Files</Filter>
    </None>
    <None Include="Images\save.png">
      <Filter>Resource Files</Filter>
    </None>
    <None Include="Images\undo.png">
      <Filter>Resource Files</Filter>
    </None>
  </ItemGroup>
</Project>